
Microsoft Visual Studio Solution File, Format Version 12.00
# Visual Studio Version 16
VisualStudioVersion = 16.0.28922.388
MinimumVisualStudioVersion = 10.0.40219.1
Project("{FAE04EC0-301F-11D3-BF4B-00C04F79EFBC}") = "WindowsFormsApplicationPruebaPDF", "WindowsFormsApplicationPruebaPDF.csproj", "{EEC614DB-F207-4AF4-9BFA-B48C12AD5191}"
EndProject
Project("{FAE04EC0-301F-11D3-BF4B-00C04F79EFBC}") = "TelnetData", "..\TelnetData\TelnetData.csproj", "{4878DB2B-11EF-44E7-8F02-1847DA1B325F}"
EndProject
Project("{FAE04EC0-301F-11D3-BF4B-00C04F79EFBC}") = "Logger", "..\Logger\Logger.csproj", "{E5F9207D-FA92-4DBD-A652-8B0A2FFF0A37}"
EndProject
Project("{FAE04EC0-301F-11D3-BF4B-00C04F79EFBC}") = "Entidades", "..\Entidades\Entidades.csproj", "{3CC3B65F-19C6-409F-A65A-DF40A38E50CF}"
EndProject
Project("{FAE04EC0-301F-11D3-BF4B-00C04F79EFBC}") = "NegocioSQL", "..\NegocioSQL\NegocioSQL.csproj", "{670BF7F0-271E-448D-89F3-44DEDEDF17FC}"
EndProject
Project("{FAE04EC0-301F-11D3-BF4B-00C04F79EFBC}") = "SQLData", "..\SQLData\SQLData.csproj", "{CA6A4F92-808D-4004-85DE-0C61A09E8EA6}"
EndProject
Project("{FAE04EC0-301F-11D3-BF4B-00C04F79EFBC}") = "Configuracion", "..\Configuracion\Configuracion.csproj", "{3B3B144F-2404-4BAD-8806-3D8995294458}"
EndProject
Project("{FAE04EC0-301F-11D3-BF4B-00C04F79EFBC}") = "TelnetPDF", "..\TelcomVentures.Ar.TelnetPDF\TelnetPDF.csproj", "{32010759-6C74-4DB8-BEC5-B66305DBC2CD}"
EndProject
Global
	GlobalSection(SolutionConfigurationPlatforms) = preSolution
		Debug|Any CPU = Debug|Any CPU
		Debug|Mixed Platforms = Debug|Mixed Platforms
		Debug|x86 = Debug|x86
		Release|Any CPU = Release|Any CPU
		Release|Mixed Platforms = Release|Mixed Platforms
		Release|x86 = Release|x86
	EndGlobalSection
	GlobalSection(ProjectConfigurationPlatforms) = postSolution
		{EEC614DB-F207-4AF4-9BFA-B48C12AD5191}.Debug|Any CPU.ActiveCfg = Debug|x86
		{EEC614DB-F207-4AF4-9BFA-B48C12AD5191}.Debug|Mixed Platforms.ActiveCfg = Debug|x86
		{EEC614DB-F207-4AF4-9BFA-B48C12AD5191}.Debug|Mixed Platforms.Build.0 = Debug|x86
		{EEC614DB-F207-4AF4-9BFA-B48C12AD5191}.Debug|x86.ActiveCfg = Debug|x86
		{EEC614DB-F207-4AF4-9BFA-B48C12AD5191}.Debug|x86.Build.0 = Debug|x86
		{EEC614DB-F207-4AF4-9BFA-B48C12AD5191}.Release|Any CPU.ActiveCfg = Release|x86
		{EEC614DB-F207-4AF4-9BFA-B48C12AD5191}.Release|Mixed Platforms.ActiveCfg = Release|x86
		{EEC614DB-F207-4AF4-9BFA-B48C12AD5191}.Release|Mixed Platforms.Build.0 = Release|x86
		{EEC614DB-F207-4AF4-9BFA-B48C12AD5191}.Release|x86.ActiveCfg = Release|x86
		{EEC614DB-F207-4AF4-9BFA-B48C12AD5191}.Release|x86.Build.0 = Release|x86
		{4878DB2B-11EF-44E7-8F02-1847DA1B325F}.Debug|Any CPU.ActiveCfg = Debug|Any CPU
		{4878DB2B-11EF-44E7-8F02-1847DA1B325F}.Debug|Any CPU.Build.0 = Debug|Any CPU
		{4878DB2B-11EF-44E7-8F02-1847DA1B325F}.Debug|Mixed Platforms.ActiveCfg = Debug|Any CPU
		{4878DB2B-11EF-44E7-8F02-1847DA1B325F}.Debug|Mixed Platforms.Build.0 = Debug|Any CPU
		{4878DB2B-11EF-44E7-8F02-1847DA1B325F}.Debug|x86.ActiveCfg = Debug|Any CPU
		{4878DB2B-11EF-44E7-8F02-1847DA1B325F}.Release|Any CPU.ActiveCfg = Release|Any CPU
		{4878DB2B-11EF-44E7-8F02-1847DA1B325F}.Release|Any CPU.Build.0 = Release|Any CPU
		{4878DB2B-11EF-44E7-8F02-1847DA1B325F}.Release|Mixed Platforms.ActiveCfg = Release|Any CPU
		{4878DB2B-11EF-44E7-8F02-1847DA1B325F}.Release|Mixed Platforms.Build.0 = Release|Any CPU
		{4878DB2B-11EF-44E7-8F02-1847DA1B325F}.Release|x86.ActiveCfg = Release|Any CPU
		{E5F9207D-FA92-4DBD-A652-8B0A2FFF0A37}.Debug|Any CPU.ActiveCfg = Debug|Any CPU
		{E5F9207D-FA92-4DBD-A652-8B0A2FFF0A37}.Debug|Any CPU.Build.0 = Debug|Any CPU
		{E5F9207D-FA92-4DBD-A652-8B0A2FFF0A37}.Debug|Mixed Platforms.ActiveCfg = Debug|Any CPU
		{E5F9207D-FA92-4DBD-A652-8B0A2FFF0A37}.Debug|Mixed Platforms.Build.0 = Debug|Any CPU
		{E5F9207D-FA92-4DBD-A652-8B0A2FFF0A37}.Debug|x86.ActiveCfg = Debug|Any CPU
		{E5F9207D-FA92-4DBD-A652-8B0A2FFF0A37}.Release|Any CPU.ActiveCfg = Release|Any CPU
		{E5F9207D-FA92-4DBD-A652-8B0A2FFF0A37}.Release|Any CPU.Build.0 = Release|Any CPU
		{E5F9207D-FA92-4DBD-A652-8B0A2FFF0A37}.Release|Mixed Platforms.ActiveCfg = Release|Any CPU
		{E5F9207D-FA92-4DBD-A652-8B0A2FFF0A37}.Release|Mixed Platforms.Build.0 = Release|Any CPU
		{E5F9207D-FA92-4DBD-A652-8B0A2FFF0A37}.Release|x86.ActiveCfg = Release|Any CPU
		{3CC3B65F-19C6-409F-A65A-DF40A38E50CF}.Debug|Any CPU.ActiveCfg = Debug|Any CPU
		{3CC3B65F-19C6-409F-A65A-DF40A38E50CF}.Debug|Any CPU.Build.0 = Debug|Any CPU
		{3CC3B65F-19C6-409F-A65A-DF40A38E50CF}.Debug|Mixed Platforms.ActiveCfg = Debug|Any CPU
		{3CC3B65F-19C6-409F-A65A-DF40A38E50CF}.Debug|Mixed Platforms.Build.0 = Debug|Any CPU
		{3CC3B65F-19C6-409F-A65A-DF40A38E50CF}.Debug|x86.ActiveCfg = Debug|Any CPU
		{3CC3B65F-19C6-409F-A65A-DF40A38E50CF}.Release|Any CPU.ActiveCfg = Release|Any CPU
		{3CC3B65F-19C6-409F-A65A-DF40A38E50CF}.Release|Any CPU.Build.0 = Release|Any CPU
		{3CC3B65F-19C6-409F-A65A-DF40A38E50CF}.Release|Mixed Platforms.ActiveCfg = Release|Any CPU
		{3CC3B65F-19C6-409F-A65A-DF40A38E50CF}.Release|Mixed Platforms.Build.0 = Release|Any CPU
		{3CC3B65F-19C6-409F-A65A-DF40A38E50CF}.Release|x86.ActiveCfg = Release|Any CPU
		{670BF7F0-271E-448D-89F3-44DEDEDF17FC}.Debug|Any CPU.ActiveCfg = Debug|Any CPU
		{670BF7F0-271E-448D-89F3-44DEDEDF17FC}.Debug|Any CPU.Build.0 = Debug|Any CPU
		{670BF7F0-271E-448D-89F3-44DEDEDF17FC}.Debug|Mixed Platforms.ActiveCfg = Debug|Any CPU
		{670BF7F0-271E-448D-89F3-44DEDEDF17FC}.Debug|Mixed Platforms.Build.0 = Debug|Any CPU
		{670BF7F0-271E-448D-89F3-44DEDEDF17FC}.Debug|x86.ActiveCfg = Debug|Any CPU
		{670BF7F0-271E-448D-89F3-44DEDEDF17FC}.Release|Any CPU.ActiveCfg = Release|Any CPU
		{670BF7F0-271E-448D-89F3-44DEDEDF17FC}.Release|Any CPU.Build.0 = Release|Any CPU
		{670BF7F0-271E-448D-89F3-44DEDEDF17FC}.Release|Mixed Platforms.ActiveCfg = Release|Any CPU
		{670BF7F0-271E-448D-89F3-44DEDEDF17FC}.Release|Mixed Platforms.Build.0 = Release|Any CPU
		{670BF7F0-271E-448D-89F3-44DEDEDF17FC}.Release|x86.ActiveCfg = Release|Any CPU
		{CA6A4F92-808D-4004-85DE-0C61A09E8EA6}.Debug|Any CPU.ActiveCfg = Debug|Any CPU
		{CA6A4F92-808D-4004-85DE-0C61A09E8EA6}.Debug|Any CPU.Build.0 = Debug|Any CPU
		{CA6A4F92-808D-4004-85DE-0C61A09E8EA6}.Debug|Mixed Platforms.ActiveCfg = Debug|Any CPU
		{CA6A4F92-808D-4004-85DE-0C61A09E8EA6}.Debug|Mixed Platforms.Build.0 = Debug|Any CPU
		{CA6A4F92-808D-4004-85DE-0C61A09E8EA6}.Debug|x86.ActiveCfg = Debug|Any CPU
		{CA6A4F92-808D-4004-85DE-0C61A09E8EA6}.Release|Any CPU.ActiveCfg = Release|Any CPU
		{CA6A4F92-808D-4004-85DE-0C61A09E8EA6}.Release|Any CPU.Build.0 = Release|Any CPU
		{CA6A4F92-808D-4004-85DE-0C61A09E8EA6}.Release|Mixed Platforms.ActiveCfg = Release|Any CPU
		{CA6A4F92-808D-4004-85DE-0C61A09E8EA6}.Release|Mixed Platforms.Build.0 = Release|Any CPU
		{CA6A4F92-808D-4004-85DE-0C61A09E8EA6}.Release|x86.ActiveCfg = Release|Any CPU
		{3B3B144F-2404-4BAD-8806-3D8995294458}.Debug|Any CPU.ActiveCfg = Debug|Any CPU
		{3B3B144F-2404-4BAD-8806-3D8995294458}.Debug|Any CPU.Build.0 = Debug|Any CPU
		{3B3B144F-2404-4BAD-8806-3D8995294458}.Debug|Mixed Platforms.ActiveCfg = Debug|Any CPU
		{3B3B144F-2404-4BAD-8806-3D8995294458}.Debug|Mixed Platforms.Build.0 = Debug|Any CPU
		{3B3B144F-2404-4BAD-8806-3D8995294458}.Debug|x86.ActiveCfg = Debug|Any CPU
		{3B3B144F-2404-4BAD-8806-3D8995294458}.Debug|x86.Build.0 = Debug|Any CPU
		{3B3B144F-2404-4BAD-8806-3D8995294458}.Release|Any CPU.ActiveCfg = Release|Any CPU
		{3B3B144F-2404-4BAD-8806-3D8995294458}.Release|Any CPU.Build.0 = Release|Any CPU
		{3B3B144F-2404-4BAD-8806-3D8995294458}.Release|Mixed Platforms.ActiveCfg = Release|Any CPU
		{3B3B144F-2404-4BAD-8806-3D8995294458}.Release|Mixed Platforms.Build.0 = Release|Any CPU
		{3B3B144F-2404-4BAD-8806-3D8995294458}.Release|x86.ActiveCfg = Release|Any CPU
		{3B3B144F-2404-4BAD-8806-3D8995294458}.Release|x86.Build.0 = Release|Any CPU
		{32010759-6C74-4DB8-BEC5-B66305DBC2CD}.Debug|Any CPU.ActiveCfg = Debug|Any CPU
		{32010759-6C74-4DB8-BEC5-B66305DBC2CD}.Debug|Any CPU.Build.0 = Debug|Any CPU
		{32010759-6C74-4DB8-BEC5-B66305DBC2CD}.Debug|Mixed Platforms.ActiveCfg = Debug|Any CPU
		{32010759-6C74-4DB8-BEC5-B66305DBC2CD}.Debug|Mixed Platforms.Build.0 = Debug|Any CPU
		{32010759-6C74-4DB8-BEC5-B66305DBC2CD}.Debug|x86.ActiveCfg = Debug|Any CPU
		{32010759-6C74-4DB8-BEC5-B66305DBC2CD}.Debug|x86.Build.0 = Debug|Any CPU
		{32010759-6C74-4DB8-BEC5-B66305DBC2CD}.Release|Any CPU.ActiveCfg = Release|Any CPU
		{32010759-6C74-4DB8-BEC5-B66305DBC2CD}.Release|Any CPU.Build.0 = Release|Any CPU
		{32010759-6C74-4DB8-BEC5-B66305DBC2CD}.Release|Mixed Platforms.ActiveCfg = Release|Any CPU
		{32010759-6C74-4DB8-BEC5-B66305DBC2CD}.Release|Mixed Platforms.Build.0 = Release|Any CPU
		{32010759-6C74-4DB8-BEC5-B66305DBC2CD}.Release|x86.ActiveCfg = Release|Any CPU
		{32010759-6C74-4DB8-BEC5-B66305DBC2CD}.Release|x86.Build.0 = Release|Any CPU
	EndGlobalSection
	GlobalSection(SolutionProperties) = preSolution
		HideSolutionNode = FALSE
	EndGlobalSection
	GlobalSection(ExtensibilityGlobals) = postSolution
		SolutionGuid = {D2FBE327-D6AD-4470-A9B0-B5EEF26F54BE}
	EndGlobalSection
EndGlobal
